
Microsoft Visual Studio Solution File, Format Version 12.00
# Visual Studio Version 16
VisualStudioVersion = 16.0.30114.105
MinimumVisualStudioVersion = 10.0.40219.1
Project("{FAE04EC0-301F-11D3-BF4B-00C04F79EFBC}") = "excel-protocol-helper", "excel-protocol-helper.csproj", "{F5DC2993-5AE1-4388-8225-EBE5A4EC0623}"
EndProject
Global
	GlobalSection(SolutionConfigurationPlatforms) = preSolution
		Debug|Any CPU = Debug|Any CPU
		Release|Any CPU = Release|Any CPU
	EndGlobalSection
	GlobalSection(ProjectConfigurationPlatforms) = postSolution
		{F5DC2993-5AE1-4388-8225-EBE5A4EC0623}.Debug|Any CPU.ActiveCfg = Debug|Any CPU
		{F5DC2993-5AE1-4388-8225-EBE5A4EC0623}.Debug|Any CPU.Build.0 = Debug|Any CPU
		{F5DC2993-5AE1-4388-8225-EBE5A4EC0623}.Release|Any CPU.ActiveCfg = Release|Any CPU
		{F5DC2993-5AE1-4388-8225-EBE5A4EC0623}.Release|Any CPU.Build.0 = Release|Any CPU
	EndGlobalSection
	GlobalSection(SolutionProperties) = preSolution
		HideSolutionNode = FALSE
	EndGlobalSection
	GlobalSection(ExtensibilityGlobals) = postSolution
		SolutionGuid = {5CF3B4BB-5905-4762-98AC-D840B50068C5}
	EndGlobalSection
EndGlobal
